
Microsoft Visual Studio Solution File, Format Version 12.00
# Visual Studio Version 17
VisualStudioVersion = 17.3.32922.545
MinimumVisualStudioVersion = 10.0.40219.1
Project("{8BC9CEB8-8B4A-11D0-8D11-00A0C91BC942}") = "2_homework", "2_homework\2_homework.vcxproj", "{E5872799-758C-4847-A9FD-9AF5489230CE}"
EndProject
Global
	GlobalSection(SolutionConfigurationPlatforms) = preSolution
		Debug|x64 = Debug|x64
		Debug|x86 = Debug|x86
		Release|x64 = Release|x64
		Release|x86 = Release|x86
	EndGlobalSection
	GlobalSection(ProjectConfigurationPlatforms) = postSolution
		{E5872799-758C-4847-A9FD-9AF5489230CE}.Debug|x64.ActiveCfg = Debug|x64
		{E5872799-758C-4847-A9FD-9AF5489230CE}.Debug|x64.Build.0 = Debug|x64
		{E5872799-758C-4847-A9FD-9AF5489230CE}.Debug|x86.ActiveCfg = Debug|Win32
		{E5872799-758C-4847-A9FD-9AF5489230CE}.Debug|x86.Build.0 = Debug|Win32
		{E5872799-758C-4847-A9FD-9AF5489230CE}.Release|x64.ActiveCfg = Release|x64
		{E5872799-758C-4847-A9FD-9AF5489230CE}.Release|x64.Build.0 = Release|x64
		{E5872799-758C-4847-A9FD-9AF5489230CE}.Release|x86.ActiveCfg = Release|Win32
		{E5872799-758C-4847-A9FD-9AF5489230CE}.Release|x86.Build.0 = Release|Win32
	EndGlobalSection
	GlobalSection(SolutionProperties) = preSolution
		HideSolutionNode = FALSE
	EndGlobalSection
	GlobalSection(ExtensibilityGlobals) = postSolution
		SolutionGuid = {426FF898-FA63-4BEE-8AB5-0836C1715782}
	EndGlobalSection
EndGlobal
